<?xml version="1.0" encoding="utf-8"?>
<Project ToolsVersion="4.0" xmlns="http://schemas.microsoft.com/developer/msbuild/2003">
  <ItemGroup>
    <ClCompile Include="imgui\App.cpp" />
    <ClCompile Include="imgui\backends\imgui_impl_dx12.cpp" />
    <ClCompile Include="imgui\backends\imgui_impl_win32.cpp" />
    <ClCompile Include="imgui\imgui.cpp" />
    <ClCompile Include="imgui\imgui_demo.cpp" />
    <ClCompile Include="imgui\imgui_draw.cpp" />
    <ClCompile Include="imgui\imgui_tables.cpp" />
    <ClCompile Include="imgui\imgui_widgets.cpp" />
    <ClCompile Include="imgui\main.cpp" />
    <ClCompile Include="imgui\Bank.cpp">
      <Filter>Bank</Filter>
    </ClCompile>
    <ClCompile Include="imgui\BankAccount.cpp">
      <Filter>Bank</Filter>
    </ClCompile>
  </ItemGroup>
  <ItemGroup>
    <ClInclude Include="imgui\App.h" />
    <ClInclude Include="imgui\backends\imgui_impl_dx12.h" />
    <ClInclude Include="imgui\backends\imgui_impl_win32.h" />
    <ClInclude Include="imgui\imconfig.h" />
    <ClInclude Include="imgui\imgui.h" />
    <ClInclude Include="imgui\imgui_internal.h" />
    <ClInclude Include="imgui\imstb_rectpack.h" />
    <ClInclude Include="imgui\imstb_textedit.h" />
    <ClInclude Include="imgui\imstb_truetype.h" />
    <ClInclude Include="imgui\Bank.h">
      <Filter>Bank</Filter>
    </ClInclude>
    <ClInclude Include="imgui\BankAccount.h">
      <Filter>Bank</Filter>
    </ClInclude>
  </ItemGroup>
  <ItemGroup>
    <Filter Include="Bank">
      <UniqueIdentifier>{9deca3a0-66aa-4c4b-864a-1add39368c82}</UniqueIdentifier>
    </Filter>
  </ItemGroup>
  <ItemGroup>
    <Text Include="imgui\BankData.txt">
      <Filter>Bank</Filter>
    </Text>
    <Text Include="imgui\deposits.txt">
      <Filter>Bank</Filter>
    </Text>
    <Text Include="imgui\withdrawals.txt">
      <Filter>Bank</Filter>
    </Text>
  </ItemGroup>
  <ItemGroup>
    <Font Include="imgui\Arial.TTF" />
  </ItemGroup>
</Project>